
Microsoft Visual Studio Solution File, Format Version 12.00
# Visual Studio Version 16
VisualStudioVersion = 16.0.30114.105
MinimumVisualStudioVersion = 10.0.40219.1
Project("{FAE04EC0-301F-11D3-BF4B-00C04F79EFBC}") = "ProjetoPrincipal", "ProjetoPrincipal.csproj", "{56F611B9-B590-4B81-B71A-A5933AED4C1E}"
EndProject
Global
	GlobalSection(SolutionConfigurationPlatforms) = preSolution
		Debug|Any CPU = Debug|Any CPU
		Release|Any CPU = Release|Any CPU
	EndGlobalSection
	GlobalSection(ProjectConfigurationPlatforms) = postSolution
		{56F611B9-B590-4B81-B71A-A5933AED4C1E}.Debug|Any CPU.ActiveCfg = Debug|Any CPU
		{56F611B9-B590-4B81-B71A-A5933AED4C1E}.Debug|Any CPU.Build.0 = Debug|Any CPU
		{56F611B9-B590-4B81-B71A-A5933AED4C1E}.Release|Any CPU.ActiveCfg = Release|Any CPU
		{56F611B9-B590-4B81-B71A-A5933AED4C1E}.Release|Any CPU.Build.0 = Release|Any CPU
	EndGlobalSection
	GlobalSection(SolutionProperties) = preSolution
		HideSolutionNode = FALSE
	EndGlobalSection
	GlobalSection(ExtensibilityGlobals) = postSolution
		SolutionGuid = {D22935BC-0AEF-41F8-93B2-6438A33BB5AA}
	EndGlobalSection
EndGlobal
